
Microsoft Visual Studio Solution File, Format Version 12.00
# Visual Studio Version 16
VisualStudioVersion = 16.0.31129.286
MinimumVisualStudioVersion = 10.0.40219.1
Project("{FAE04EC0-301F-11D3-BF4B-00C04F79EFBC}") = "Sport", "Sport.csproj", "{CABD894A-6EC8-486A-B276-8A66B5D9E0E1}"
EndProject
Global
	GlobalSection(SolutionConfigurationPlatforms) = preSolution
		Debug|Any CPU = Debug|Any CPU
		Release|Any CPU = Release|Any CPU
	EndGlobalSection
	GlobalSection(ProjectConfigurationPlatforms) = postSolution
		{CABD894A-6EC8-486A-B276-8A66B5D9E0E1}.Debug|Any CPU.ActiveCfg = Debug|Any CPU
		{CABD894A-6EC8-486A-B276-8A66B5D9E0E1}.Debug|Any CPU.Build.0 = Debug|Any CPU
		{CABD894A-6EC8-486A-B276-8A66B5D9E0E1}.Release|Any CPU.ActiveCfg = Release|Any CPU
		{CABD894A-6EC8-486A-B276-8A66B5D9E0E1}.Release|Any CPU.Build.0 = Release|Any CPU
	EndGlobalSection
	GlobalSection(SolutionProperties) = preSolution
		HideSolutionNode = FALSE
	EndGlobalSection
	GlobalSection(ExtensibilityGlobals) = postSolution
		SolutionGuid = {1D5E437C-30BB-4187-8B66-BA6273957F5B}
	EndGlobalSection
EndGlobal
